
Microsoft Visual Studio Solution File, Format Version 12.00
# Visual Studio 15
VisualStudioVersion = 15.0.26403.3
MinimumVisualStudioVersion = 10.0.40219.1
Project("{FAE04EC0-301F-11D3-BF4B-00C04F79EFBC}") = "IndieXML", "IndieXML\IndieXML.csproj", "{0B139B9E-D2AD-4191-BC2D-B934A1047101}"
EndProject
Project("{FAE04EC0-301F-11D3-BF4B-00C04F79EFBC}") = "IndieXMLIPlugin", "IndieXMLIPlugin\IndieXMLIPlugin.csproj", "{14AC2F7A-5D7D-44AF-9697-1BDA966F0988}"
EndProject
Project("{FAE04EC0-301F-11D3-BF4B-00C04F79EFBC}") = "IndieXMLbins", "IndieXMLbins\IndieXMLbins.csproj", "{6EC1C3D1-0FF6-4C51-8AB2-108B05AEAC51}"
EndProject
Project("{FAE04EC0-301F-11D3-BF4B-00C04F79EFBC}") = "XMLIntegration", "XMLIntegration\XMLIntegration.csproj", "{9411435B-333C-4B4A-BCFB-18B1BBABAEE4}"
EndProject
Project("{FAE04EC0-301F-11D3-BF4B-00C04F79EFBC}") = "IndieXMLadditions", "IndieXMLadditions\IndieXMLadditions.csproj", "{BCB8E971-FBB8-4BF5-A282-D8E0E22DCBFF}"
EndProject
Project("{FAE04EC0-301F-11D3-BF4B-00C04F79EFBC}") = "IndieXMLfromurl", "IndieXMLfromurl\IndieXMLfromurl.csproj", "{F14F5F1F-D9DF-4803-8E27-78C01DA14579}"
EndProject
Project("{2150E333-8FDC-42A3-9474-1A3956D46DE8}") = "Solution Items", "Solution Items", "{E9122E87-9B3C-479A-B33F-C33DA06E0155}"
	ProjectSection(SolutionItems) = preProject
		Documents\Käyttöliittymäohjelmointi-Harjoitustyö-Rami-Ojala-K8412.docx = Documents\Käyttöliittymäohjelmointi-Harjoitustyö-Rami-Ojala-K8412.docx
	EndProjectSection
EndProject
Global
	GlobalSection(SolutionConfigurationPlatforms) = preSolution
		debug 32|Any CPU = debug 32|Any CPU
		debug 32|ARM = debug 32|ARM
		debug 32|x64 = debug 32|x64
		debug 32|x86 = debug 32|x86
		Debug|Any CPU = Debug|Any CPU
		Debug|ARM = Debug|ARM
		Debug|x64 = Debug|x64
		Debug|x86 = Debug|x86
		Release|Any CPU = Release|Any CPU
		Release|ARM = Release|ARM
		Release|x64 = Release|x64
		Release|x86 = Release|x86
	EndGlobalSection
	GlobalSection(ProjectConfigurationPlatforms) = postSolution
		{0B139B9E-D2AD-4191-BC2D-B934A1047101}.debug 32|Any CPU.ActiveCfg = debug 32|Any CPU
		{0B139B9E-D2AD-4191-BC2D-B934A1047101}.debug 32|Any CPU.Build.0 = debug 32|Any CPU
		{0B139B9E-D2AD-4191-BC2D-B934A1047101}.debug 32|ARM.ActiveCfg = debug 32|Any CPU
		{0B139B9E-D2AD-4191-BC2D-B934A1047101}.debug 32|ARM.Build.0 = debug 32|Any CPU
		{0B139B9E-D2AD-4191-BC2D-B934A1047101}.debug 32|x64.ActiveCfg = debug 32|Any CPU
		{0B139B9E-D2AD-4191-BC2D-B934A1047101}.debug 32|x64.Build.0 = debug 32|Any CPU
		{0B139B9E-D2AD-4191-BC2D-B934A1047101}.debug 32|x86.ActiveCfg = debug 32|Any CPU
		{0B139B9E-D2AD-4191-BC2D-B934A1047101}.debug 32|x86.Build.0 = debug 32|Any CPU
		{0B139B9E-D2AD-4191-BC2D-B934A1047101}.Debug|Any CPU.ActiveCfg = Debug|Any CPU
		{0B139B9E-D2AD-4191-BC2D-B934A1047101}.Debug|Any CPU.Build.0 = Debug|Any CPU
		{0B139B9E-D2AD-4191-BC2D-B934A1047101}.Debug|ARM.ActiveCfg = Debug|Any CPU
		{0B139B9E-D2AD-4191-BC2D-B934A1047101}.Debug|ARM.Build.0 = Debug|Any CPU
		{0B139B9E-D2AD-4191-BC2D-B934A1047101}.Debug|x64.ActiveCfg = Debug|Any CPU
		{0B139B9E-D2AD-4191-BC2D-B934A1047101}.Debug|x64.Build.0 = Debug|Any CPU
		{0B139B9E-D2AD-4191-BC2D-B934A1047101}.Debug|x86.ActiveCfg = Debug|Any CPU
		{0B139B9E-D2AD-4191-BC2D-B934A1047101}.Debug|x86.Build.0 = Debug|Any CPU
		{0B139B9E-D2AD-4191-BC2D-B934A1047101}.Release|Any CPU.ActiveCfg = Release|Any CPU
		{0B139B9E-D2AD-4191-BC2D-B934A1047101}.Release|Any CPU.Build.0 = Release|Any CPU
		{0B139B9E-D2AD-4191-BC2D-B934A1047101}.Release|ARM.ActiveCfg = Release|Any CPU
		{0B139B9E-D2AD-4191-BC2D-B934A1047101}.Release|ARM.Build.0 = Release|Any CPU
		{0B139B9E-D2AD-4191-BC2D-B934A1047101}.Release|x64.ActiveCfg = Release|Any CPU
		{0B139B9E-D2AD-4191-BC2D-B934A1047101}.Release|x64.Build.0 = Release|Any CPU
		{0B139B9E-D2AD-4191-BC2D-B934A1047101}.Release|x86.ActiveCfg = Release|Any CPU
		{0B139B9E-D2AD-4191-BC2D-B934A1047101}.Release|x86.Build.0 = Release|Any CPU
		{14AC2F7A-5D7D-44AF-9697-1BDA966F0988}.debug 32|Any CPU.ActiveCfg = debug 32|Any CPU
		{14AC2F7A-5D7D-44AF-9697-1BDA966F0988}.debug 32|Any CPU.Build.0 = debug 32|Any CPU
		{14AC2F7A-5D7D-44AF-9697-1BDA966F0988}.debug 32|ARM.ActiveCfg = debug 32|Any CPU
		{14AC2F7A-5D7D-44AF-9697-1BDA966F0988}.debug 32|ARM.Build.0 = debug 32|Any CPU
		{14AC2F7A-5D7D-44AF-9697-1BDA966F0988}.debug 32|x64.ActiveCfg = debug 32|Any CPU
		{14AC2F7A-5D7D-44AF-9697-1BDA966F0988}.debug 32|x64.Build.0 = debug 32|Any CPU
		{14AC2F7A-5D7D-44AF-9697-1BDA966F0988}.debug 32|x86.ActiveCfg = debug 32|Any CPU
		{14AC2F7A-5D7D-44AF-9697-1BDA966F0988}.debug 32|x86.Build.0 = debug 32|Any CPU
		{14AC2F7A-5D7D-44AF-9697-1BDA966F0988}.Debug|Any CPU.ActiveCfg = Debug|Any CPU
		{14AC2F7A-5D7D-44AF-9697-1BDA966F0988}.Debug|Any CPU.Build.0 = Debug|Any CPU
		{14AC2F7A-5D7D-44AF-9697-1BDA966F0988}.Debug|ARM.ActiveCfg = Debug|Any CPU
		{14AC2F7A-5D7D-44AF-9697-1BDA966F0988}.Debug|ARM.Build.0 = Debug|Any CPU
		{14AC2F7A-5D7D-44AF-9697-1BDA966F0988}.Debug|x64.ActiveCfg = Debug|Any CPU
		{14AC2F7A-5D7D-44AF-9697-1BDA966F0988}.Debug|x64.Build.0 = Debug|Any CPU
		{14AC2F7A-5D7D-44AF-9697-1BDA966F0988}.Debug|x86.ActiveCfg = Debug|Any CPU
		{14AC2F7A-5D7D-44AF-9697-1BDA966F0988}.Debug|x86.Build.0 = Debug|Any CPU
		{14AC2F7A-5D7D-44AF-9697-1BDA966F0988}.Release|Any CPU.ActiveCfg = Release|Any CPU
		{14AC2F7A-5D7D-44AF-9697-1BDA966F0988}.Release|Any CPU.Build.0 = Release|Any CPU
		{14AC2F7A-5D7D-44AF-9697-1BDA966F0988}.Release|ARM.ActiveCfg = Release|Any CPU
		{14AC2F7A-5D7D-44AF-9697-1BDA966F0988}.Release|ARM.Build.0 = Release|Any CPU
		{14AC2F7A-5D7D-44AF-9697-1BDA966F0988}.Release|x64.ActiveCfg = Release|Any CPU
		{14AC2F7A-5D7D-44AF-9697-1BDA966F0988}.Release|x64.Build.0 = Release|Any CPU
		{14AC2F7A-5D7D-44AF-9697-1BDA966F0988}.Release|x86.ActiveCfg = Release|Any CPU
		{14AC2F7A-5D7D-44AF-9697-1BDA966F0988}.Release|x86.Build.0 = Release|Any CPU
		{6EC1C3D1-0FF6-4C51-8AB2-108B05AEAC51}.debug 32|Any CPU.ActiveCfg = Debug|Any CPU
		{6EC1C3D1-0FF6-4C51-8AB2-108B05AEAC51}.debug 32|Any CPU.Build.0 = Debug|Any CPU
		{6EC1C3D1-0FF6-4C51-8AB2-108B05AEAC51}.debug 32|ARM.ActiveCfg = Debug|Any CPU
		{6EC1C3D1-0FF6-4C51-8AB2-108B05AEAC51}.debug 32|ARM.Build.0 = Debug|Any CPU
		{6EC1C3D1-0FF6-4C51-8AB2-108B05AEAC51}.debug 32|x64.ActiveCfg = Debug|Any CPU
		{6EC1C3D1-0FF6-4C51-8AB2-108B05AEAC51}.debug 32|x64.Build.0 = Debug|Any CPU
		{6EC1C3D1-0FF6-4C51-8AB2-108B05AEAC51}.debug 32|x86.ActiveCfg = Debug|Any CPU
		{6EC1C3D1-0FF6-4C51-8AB2-108B05AEAC51}.debug 32|x86.Build.0 = Debug|Any CPU
		{6EC1C3D1-0FF6-4C51-8AB2-108B05AEAC51}.Debug|Any CPU.ActiveCfg = Debug|Any CPU
		{6EC1C3D1-0FF6-4C51-8AB2-108B05AEAC51}.Debug|Any CPU.Build.0 = Debug|Any CPU
		{6EC1C3D1-0FF6-4C51-8AB2-108B05AEAC51}.Debug|ARM.ActiveCfg = Debug|Any CPU
		{6EC1C3D1-0FF6-4C51-8AB2-108B05AEAC51}.Debug|ARM.Build.0 = Debug|Any CPU
		{6EC1C3D1-0FF6-4C51-8AB2-108B05AEAC51}.Debug|x64.ActiveCfg = Debug|Any CPU
		{6EC1C3D1-0FF6-4C51-8AB2-108B05AEAC51}.Debug|x64.Build.0 = Debug|Any CPU
		{6EC1C3D1-0FF6-4C51-8AB2-108B05AEAC51}.Debug|x86.ActiveCfg = Debug|Any CPU
		{6EC1C3D1-0FF6-4C51-8AB2-108B05AEAC51}.Debug|x86.Build.0 = Debug|Any CPU
		{6EC1C3D1-0FF6-4C51-8AB2-108B05AEAC51}.Release|Any CPU.ActiveCfg = Release|Any CPU
		{6EC1C3D1-0FF6-4C51-8AB2-108B05AEAC51}.Release|Any CPU.Build.0 = Release|Any CPU
		{6EC1C3D1-0FF6-4C51-8AB2-108B05AEAC51}.Release|ARM.ActiveCfg = Release|Any CPU
		{6EC1C3D1-0FF6-4C51-8AB2-108B05AEAC51}.Release|ARM.Build.0 = Release|Any CPU
		{6EC1C3D1-0FF6-4C51-8AB2-108B05AEAC51}.Release|x64.ActiveCfg = Release|Any CPU
		{6EC1C3D1-0FF6-4C51-8AB2-108B05AEAC51}.Release|x64.Build.0 = Release|Any CPU
		{6EC1C3D1-0FF6-4C51-8AB2-108B05AEAC51}.Release|x86.ActiveCfg = Release|Any CPU
		{6EC1C3D1-0FF6-4C51-8AB2-108B05AEAC51}.Release|x86.Build.0 = Release|Any CPU
		{9411435B-333C-4B4A-BCFB-18B1BBABAEE4}.debug 32|Any CPU.ActiveCfg = Debug|Any CPU
		{9411435B-333C-4B4A-BCFB-18B1BBABAEE4}.debug 32|Any CPU.Build.0 = Debug|Any CPU
		{9411435B-333C-4B4A-BCFB-18B1BBABAEE4}.debug 32|ARM.ActiveCfg = Debug|Any CPU
		{9411435B-333C-4B4A-BCFB-18B1BBABAEE4}.debug 32|ARM.Build.0 = Debug|Any CPU
		{9411435B-333C-4B4A-BCFB-18B1BBABAEE4}.debug 32|x64.ActiveCfg = Debug|Any CPU
		{9411435B-333C-4B4A-BCFB-18B1BBABAEE4}.debug 32|x64.Build.0 = Debug|Any CPU
		{9411435B-333C-4B4A-BCFB-18B1BBABAEE4}.debug 32|x86.ActiveCfg = Debug|Any CPU
		{9411435B-333C-4B4A-BCFB-18B1BBABAEE4}.debug 32|x86.Build.0 = Debug|Any CPU
		{9411435B-333C-4B4A-BCFB-18B1BBABAEE4}.Debug|Any CPU.ActiveCfg = Debug|Any CPU
		{9411435B-333C-4B4A-BCFB-18B1BBABAEE4}.Debug|Any CPU.Build.0 = Debug|Any CPU
		{9411435B-333C-4B4A-BCFB-18B1BBABAEE4}.Debug|ARM.ActiveCfg = Debug|Any CPU
		{9411435B-333C-4B4A-BCFB-18B1BBABAEE4}.Debug|ARM.Build.0 = Debug|Any CPU
		{9411435B-333C-4B4A-BCFB-18B1BBABAEE4}.Debug|x64.ActiveCfg = Debug|Any CPU
		{9411435B-333C-4B4A-BCFB-18B1BBABAEE4}.Debug|x64.Build.0 = Debug|Any CPU
		{9411435B-333C-4B4A-BCFB-18B1BBABAEE4}.Debug|x86.ActiveCfg = Debug|Any CPU
		{9411435B-333C-4B4A-BCFB-18B1BBABAEE4}.Debug|x86.Build.0 = Debug|Any CPU
		{9411435B-333C-4B4A-BCFB-18B1BBABAEE4}.Release|Any CPU.ActiveCfg = Release|Any CPU
		{9411435B-333C-4B4A-BCFB-18B1BBABAEE4}.Release|Any CPU.Build.0 = Release|Any CPU
		{9411435B-333C-4B4A-BCFB-18B1BBABAEE4}.Release|ARM.ActiveCfg = Release|Any CPU
		{9411435B-333C-4B4A-BCFB-18B1BBABAEE4}.Release|ARM.Build.0 = Release|Any CPU
		{9411435B-333C-4B4A-BCFB-18B1BBABAEE4}.Release|x64.ActiveCfg = Release|Any CPU
		{9411435B-333C-4B4A-BCFB-18B1BBABAEE4}.Release|x64.Build.0 = Release|Any CPU
		{9411435B-333C-4B4A-BCFB-18B1BBABAEE4}.Release|x86.ActiveCfg = Release|Any CPU
		{9411435B-333C-4B4A-BCFB-18B1BBABAEE4}.Release|x86.Build.0 = Release|Any CPU
		{BCB8E971-FBB8-4BF5-A282-D8E0E22DCBFF}.debug 32|Any CPU.ActiveCfg = Debug|Any CPU
		{BCB8E971-FBB8-4BF5-A282-D8E0E22DCBFF}.debug 32|Any CPU.Build.0 = Debug|Any CPU
		{BCB8E971-FBB8-4BF5-A282-D8E0E22DCBFF}.debug 32|ARM.ActiveCfg = Debug|Any CPU
		{BCB8E971-FBB8-4BF5-A282-D8E0E22DCBFF}.debug 32|ARM.Build.0 = Debug|Any CPU
		{BCB8E971-FBB8-4BF5-A282-D8E0E22DCBFF}.debug 32|x64.ActiveCfg = Debug|Any CPU
		{BCB8E971-FBB8-4BF5-A282-D8E0E22DCBFF}.debug 32|x64.Build.0 = Debug|Any CPU
		{BCB8E971-FBB8-4BF5-A282-D8E0E22DCBFF}.debug 32|x86.ActiveCfg = Debug|Any CPU
		{BCB8E971-FBB8-4BF5-A282-D8E0E22DCBFF}.debug 32|x86.Build.0 = Debug|Any CPU
		{BCB8E971-FBB8-4BF5-A282-D8E0E22DCBFF}.Debug|Any CPU.ActiveCfg = Debug|Any CPU
		{BCB8E971-FBB8-4BF5-A282-D8E0E22DCBFF}.Debug|Any CPU.Build.0 = Debug|Any CPU
		{BCB8E971-FBB8-4BF5-A282-D8E0E22DCBFF}.Debug|ARM.ActiveCfg = Debug|Any CPU
		{BCB8E971-FBB8-4BF5-A282-D8E0E22DCBFF}.Debug|ARM.Build.0 = Debug|Any CPU
		{BCB8E971-FBB8-4BF5-A282-D8E0E22DCBFF}.Debug|x64.ActiveCfg = Debug|Any CPU
		{BCB8E971-FBB8-4BF5-A282-D8E0E22DCBFF}.Debug|x64.Build.0 = Debug|Any CPU
		{BCB8E971-FBB8-4BF5-A282-D8E0E22DCBFF}.Debug|x86.ActiveCfg = Debug|Any CPU
		{BCB8E971-FBB8-4BF5-A282-D8E0E22DCBFF}.Debug|x86.Build.0 = Debug|Any CPU
		{BCB8E971-FBB8-4BF5-A282-D8E0E22DCBFF}.Release|Any CPU.ActiveCfg = Release|Any CPU
		{BCB8E971-FBB8-4BF5-A282-D8E0E22DCBFF}.Release|Any CPU.Build.0 = Release|Any CPU
		{BCB8E971-FBB8-4BF5-A282-D8E0E22DCBFF}.Release|ARM.ActiveCfg = Release|Any CPU
		{BCB8E971-FBB8-4BF5-A282-D8E0E22DCBFF}.Release|ARM.Build.0 = Release|Any CPU
		{BCB8E971-FBB8-4BF5-A282-D8E0E22DCBFF}.Release|x64.ActiveCfg = Release|Any CPU
		{BCB8E971-FBB8-4BF5-A282-D8E0E22DCBFF}.Release|x64.Build.0 = Release|Any CPU
		{BCB8E971-FBB8-4BF5-A282-D8E0E22DCBFF}.Release|x86.ActiveCfg = Release|Any CPU
		{BCB8E971-FBB8-4BF5-A282-D8E0E22DCBFF}.Release|x86.Build.0 = Release|Any CPU
		{F14F5F1F-D9DF-4803-8E27-78C01DA14579}.debug 32|Any CPU.ActiveCfg = Debug|Any CPU
		{F14F5F1F-D9DF-4803-8E27-78C01DA14579}.debug 32|Any CPU.Build.0 = Debug|Any CPU
		{F14F5F1F-D9DF-4803-8E27-78C01DA14579}.debug 32|ARM.ActiveCfg = Debug|Any CPU
		{F14F5F1F-D9DF-4803-8E27-78C01DA14579}.debug 32|ARM.Build.0 = Debug|Any CPU
		{F14F5F1F-D9DF-4803-8E27-78C01DA14579}.debug 32|x64.ActiveCfg = Debug|Any CPU
		{F14F5F1F-D9DF-4803-8E27-78C01DA14579}.debug 32|x64.Build.0 = Debug|Any CPU
		{F14F5F1F-D9DF-4803-8E27-78C01DA14579}.debug 32|x86.ActiveCfg = Debug|Any CPU
		{F14F5F1F-D9DF-4803-8E27-78C01DA14579}.debug 32|x86.Build.0 = Debug|Any CPU
		{F14F5F1F-D9DF-4803-8E27-78C01DA14579}.Debug|Any CPU.ActiveCfg = Debug|Any CPU
		{F14F5F1F-D9DF-4803-8E27-78C01DA14579}.Debug|Any CPU.Build.0 = Debug|Any CPU
		{F14F5F1F-D9DF-4803-8E27-78C01DA14579}.Debug|ARM.ActiveCfg = Debug|Any CPU
		{F14F5F1F-D9DF-4803-8E27-78C01DA14579}.Debug|ARM.Build.0 = Debug|Any CPU
		{F14F5F1F-D9DF-4803-8E27-78C01DA14579}.Debug|x64.ActiveCfg = Debug|Any CPU
		{F14F5F1F-D9DF-4803-8E27-78C01DA14579}.Debug|x64.Build.0 = Debug|Any CPU
		{F14F5F1F-D9DF-4803-8E27-78C01DA14579}.Debug|x86.ActiveCfg = Debug|Any CPU
		{F14F5F1F-D9DF-4803-8E27-78C01DA14579}.Debug|x86.Build.0 = Debug|Any CPU
		{F14F5F1F-D9DF-4803-8E27-78C01DA14579}.Release|Any CPU.ActiveCfg = Release|Any CPU
		{F14F5F1F-D9DF-4803-8E27-78C01DA14579}.Release|Any CPU.Build.0 = Release|Any CPU
		{F14F5F1F-D9DF-4803-8E27-78C01DA14579}.Release|ARM.ActiveCfg = Release|Any CPU
		{F14F5F1F-D9DF-4803-8E27-78C01DA14579}.Release|ARM.Build.0 = Release|Any CPU
		{F14F5F1F-D9DF-4803-8E27-78C01DA14579}.Release|x64.ActiveCfg = Release|Any CPU
		{F14F5F1F-D9DF-4803-8E27-78C01DA14579}.Release|x64.Build.0 = Release|Any CPU
		{F14F5F1F-D9DF-4803-8E27-78C01DA14579}.Release|x86.ActiveCfg = Release|Any CPU
		{F14F5F1F-D9DF-4803-8E27-78C01DA14579}.Release|x86.Build.0 = Release|Any CPU
	EndGlobalSection
	GlobalSection(SolutionProperties) = preSolution
		HideSolutionNode = FALSE
	EndGlobalSection
EndGlobal
